Microsoft Visual Studio Solution File, Format Version 11.00
# Visual Studio 2008

Project("{91910D82-2271-12C9-E72D-B115401910F9}") = "RoboticonColony", "Assembly-CSharp.csproj", "{6F56CB48-5A97-BB1A-F5DD-E58D59F7BA00}"
EndProject
Project("{91910D82-2271-12C9-E72D-B115401910F9}") = "RoboticonColony", "Assembly-CSharp-Editor.csproj", "{3101AEC2-BEEF-4F21-9AF4-C17659CB6254}"
EndProject
Global
	GlobalSection(SolutionConfigurationPlatforms) = preSolution
		Debug|Any CPU = Debug|Any CPU
		Release|Any CPU = Release|Any CPU
	EndGlobalSection
	GlobalSection(ProjectConfigurationPlatforms) = postSolution
		{6F56CB48-5A97-BB1A-F5DD-E58D59F7BA00}.Debug|Any CPU.ActiveCfg = Debug|Any CPU
		{6F56CB48-5A97-BB1A-F5DD-E58D59F7BA00}.Debug|Any CPU.Build.0 = Debug|Any CPU
		{6F56CB48-5A97-BB1A-F5DD-E58D59F7BA00}.Release|Any CPU.ActiveCfg = Release|Any CPU
		{6F56CB48-5A97-BB1A-F5DD-E58D59F7BA00}.Release|Any CPU.Build.0 = Release|Any CPU
		{3101AEC2-BEEF-4F21-9AF4-C17659CB6254}.Debug|Any CPU.ActiveCfg = Debug|Any CPU
		{3101AEC2-BEEF-4F21-9AF4-C17659CB6254}.Debug|Any CPU.Build.0 = Debug|Any CPU
		{3101AEC2-BEEF-4F21-9AF4-C17659CB6254}.Release|Any CPU.ActiveCfg = Release|Any CPU
		{3101AEC2-BEEF-4F21-9AF4-C17659CB6254}.Release|Any CPU.Build.0 = Release|Any CPU
	EndGlobalSection
	GlobalSection(SolutionProperties) = preSolution
		HideSolutionNode = FALSE
	EndGlobalSection
	GlobalSection(MonoDevelopProperties) = preSolution
		StartupItem = Assembly-CSharp.csproj
	EndGlobalSection
EndGlobal