
Microsoft Visual Studio Solution File, Format Version 12.00
# Visual Studio 2015
Project("{FAE04EC0-301F-11D3-BF4B-00C04F79EFBC}") = "RoboticonColony", "RoboticonColony.csproj", "{ECE7B459-EDD6-5360-8111-EDC973FFD55D}"
EndProject
Project("{FAE04EC0-301F-11D3-BF4B-00C04F79EFBC}") = "RoboticonColony.Editor", "RoboticonColony.Editor.csproj", "{D7188DA5-7E77-C383-AFCB-0494B89E1A25}"
EndProject
Global
	GlobalSection(SolutionConfigurationPlatforms) = preSolution
		Debug|Any CPU = Debug|Any CPU
		Release|Any CPU = Release|Any CPU
	EndGlobalSection
	GlobalSection(ProjectConfigurationPlatforms) = postSolution
		{ECE7B459-EDD6-5360-8111-EDC973FFD55D}.Debug|Any CPU.ActiveCfg = Debug|Any CPU
		{ECE7B459-EDD6-5360-8111-EDC973FFD55D}.Debug|Any CPU.Build.0 = Debug|Any CPU
		{ECE7B459-EDD6-5360-8111-EDC973FFD55D}.Release|Any CPU.ActiveCfg = Release|Any CPU
		{ECE7B459-EDD6-5360-8111-EDC973FFD55D}.Release|Any CPU.Build.0 = Release|Any CPU
		{D7188DA5-7E77-C383-AFCB-0494B89E1A25}.Debug|Any CPU.ActiveCfg = Debug|Any CPU
		{D7188DA5-7E77-C383-AFCB-0494B89E1A25}.Debug|Any CPU.Build.0 = Debug|Any CPU
		{D7188DA5-7E77-C383-AFCB-0494B89E1A25}.Release|Any CPU.ActiveCfg = Release|Any CPU
		{D7188DA5-7E77-C383-AFCB-0494B89E1A25}.Release|Any CPU.Build.0 = Release|Any CPU
	EndGlobalSection
	GlobalSection(SolutionProperties) = preSolution
		HideSolutionNode = FALSE
	EndGlobalSection
EndGlobal
